
Microsoft Visual Studio Solution File, Format Version 12.00
# Visual Studio Version 16
VisualStudioVersion = 16.0.30621.155
MinimumVisualStudioVersion = 10.0.40219.1
Project("{FAE04EC0-301F-11D3-BF4B-00C04F79EFBC}") = "Marica_Vasile-Marian_Lab5", "Marica_Vasile-Marian_Lab5\Marica_Vasile-Marian_Lab5.csproj", "{6557AE75-0B0B-4154-9935-0EE5C56CD978}"
EndProject
Global
	GlobalSection(SolutionConfigurationPlatforms) = preSolution
		Debug|Any CPU = Debug|Any CPU
		Release|Any CPU = Release|Any CPU
	EndGlobalSection
	GlobalSection(ProjectConfigurationPlatforms) = postSolution
		{6557AE75-0B0B-4154-9935-0EE5C56CD978}.Debug|Any CPU.ActiveCfg = Debug|Any CPU
		{6557AE75-0B0B-4154-9935-0EE5C56CD978}.Debug|Any CPU.Build.0 = Debug|Any CPU
		{6557AE75-0B0B-4154-9935-0EE5C56CD978}.Release|Any CPU.ActiveCfg = Release|Any CPU
		{6557AE75-0B0B-4154-9935-0EE5C56CD978}.Release|Any CPU.Build.0 = Release|Any CPU
	EndGlobalSection
	GlobalSection(SolutionProperties) = preSolution
		HideSolutionNode = FALSE
	EndGlobalSection
	GlobalSection(ExtensibilityGlobals) = postSolution
		SolutionGuid = {DC3723FA-6B22-46C6-A266-1C1D10193C05}
	EndGlobalSection
EndGlobal
